{
  "name": "rm2cal",
  "version": "0.0.1",
  "lockfileVersion": 2,
  "requires": true,
  "packages": {
    "": {
      "name": "rm2cal",
      "version": "0.0.1",
      "license": "Apache-2.0",
      "dependencies": {
        "preact": "^10.10.0"
      }
    },
    "node_modules/preact": {
      "version": "10.10.0",
      "resolved": "https://registry.npmjs.org/preact/-/preact-10.10.0.tgz",
      "integrity": "sha512-fszkg1iJJjq68I4lI8ZsmBiaoQiQHbxf1lNq+72EmC/mZOsFF5zn3k1yv9QGoFgIXzgsdSKtYymLJsrJPoamjQ==",
      "funding": {
        "type": "opencollective",
        "url": "https://opencollective.com/preact"
      }
    }
  },
  "dependencies": {
    "preact": {
      "version": "10.10.0",
      "resolved": "https://registry.npmjs.org/preact/-/preact-10.10.0.tgz",
      "integrity": "sha512-fszkg1iJJjq68I4lI8ZsmBiaoQiQHbxf1lNq+72EmC/mZOsFF5zn3k1yv9QGoFgIXzgsdSKtYymLJsrJPoamjQ=="
    }
  }
}
